
Microsoft Visual Studio Solution File, Format Version 12.00
# Visual Studio Version 16
VisualStudioVersion = 16.0.29920.165
MinimumVisualStudioVersion = 10.0.40219.1
Project("{FAE04EC0-301F-11D3-BF4B-00C04F79EFBC}") = "NextGen55", "NextGen55\NextGen55.csproj", "{6EC26D2B-E586-4248-8B0F-4B70A078E5B0}"
EndProject
Global
	GlobalSection(SolutionConfigurationPlatforms) = preSolution
		Debug|Any CPU = Debug|Any CPU
		Release|Any CPU = Release|Any CPU
	EndGlobalSection
	GlobalSection(ProjectConfigurationPlatforms) = postSolution
		{6EC26D2B-E586-4248-8B0F-4B70A078E5B0}.Debug|Any CPU.ActiveCfg = Debug|Any CPU
		{6EC26D2B-E586-4248-8B0F-4B70A078E5B0}.Debug|Any CPU.Build.0 = Debug|Any CPU
		{6EC26D2B-E586-4248-8B0F-4B70A078E5B0}.Release|Any CPU.ActiveCfg = Release|Any CPU
		{6EC26D2B-E586-4248-8B0F-4B70A078E5B0}.Release|Any CPU.Build.0 = Release|Any CPU
	EndGlobalSection
	GlobalSection(SolutionProperties) = preSolution
		HideSolutionNode = FALSE
	EndGlobalSection
	GlobalSection(ExtensibilityGlobals) = postSolution
		SolutionGuid = {2C15F0FC-8C1B-426E-BEBF-2E086A150B57}
	EndGlobalSection
EndGlobal
